// !$*UTF8*$!
{
	archiveVersion = 1;
	classes = {
	};
	objectVersion = 70;
	objects = {

/* Begin PBXBuildFile section */
		041D52232BE36BF60061F141 /* AppDelegate.swift in Sources */ = {isa = PBXBuildFile; fileRef = 041D52222BE36BF60061F141 /* AppDelegate.swift */; };
		041D52252BE36BF60061F141 /* SceneDelegate.swift in Sources */ = {isa = PBXBuildFile; fileRef = 041D52242BE36BF60061F141 /* SceneDelegate.swift */; };
		041D52272BE36BF60061F141 /* ImagesListViewController.swift in Sources */ = {isa = PBXBuildFile; fileRef = 041D52262BE36BF60061F141 /* ImagesListViewController.swift */; };
		041D522C2BE36BF90061F141 /* Assets.xcassets in Resources */ = {isa = PBXBuildFile; fileRef = 041D522B2BE36BF90061F141 /* Assets.xcassets */; };
		041D522F2BE36BF90061F141 /* Base in Resources */ = {isa = PBXBuildFile; fileRef = 041D522E2BE36BF90061F141 /* Base */; };
		041D52362BE37F440061F141 /* LaunchScreen.storyboard in Resources */ = {isa = PBXBuildFile; fileRef = 041D522D2BE36BF90061F141 /* LaunchScreen.storyboard */; };
		041D527A2BE9FD9E0061F141 /* ImagesListCell.swift in Sources */ = {isa = PBXBuildFile; fileRef = 041D52792BE9FD9E0061F141 /* ImagesListCell.swift */; };
		045B9AC22C2D73E60071FF05 /* ProfileModels.swift in Sources */ = {isa = PBXBuildFile; fileRef = 045B9AC12C2D73E60071FF05 /* ProfileModels.swift */; };
		045B9AC42C2D74210071FF05 /* ProfileResultModels.swift in Sources */ = {isa = PBXBuildFile; fileRef = 045B9AC32C2D74210071FF05 /* ProfileResultModels.swift */; };
		045B9ADE2C43D2970071FF05 /* WebViewViewControllerDelegate.swift in Sources */ = {isa = PBXBuildFile; fileRef = 045B9ADD2C43D2970071FF05 /* WebViewViewControllerDelegate.swift */; };
		045B9AE22C4612C40071FF05 /* OAuth2TokenStorageProtocol.swift in Sources */ = {isa = PBXBuildFile; fileRef = 045B9AE12C4612C40071FF05 /* OAuth2TokenStorageProtocol.swift */; };
		048336AC2BFBBA25008BB424 /* ProfileViewController.swift in Sources */ = {isa = PBXBuildFile; fileRef = 048336AB2BFBBA24008BB424 /* ProfileViewController.swift */; };
		048336B02BFD8DCF008BB424 /* SingleImageViewController.swift in Sources */ = {isa = PBXBuildFile; fileRef = 048336AF2BFD8DCF008BB424 /* SingleImageViewController.swift */; };
		048336B32BFD998F008BB424 /* Main.storyboard in Resources */ = {isa = PBXBuildFile; fileRef = 048336B22BFD998F008BB424 /* Main.storyboard */; };
		04AF96422C9AACA900A90F49 /* SnakeCaseJSONDecoder.swift in Sources */ = {isa = PBXBuildFile; fileRef = 04AF96412C9AACA900A90F49 /* SnakeCaseJSONDecoder.swift */; };
		04AF96442C9AB36A00A90F49 /* OAuthTokenResponseBodyModel.swift in Sources */ = {isa = PBXBuildFile; fileRef = 04AF96432C9AB36A00A90F49 /* OAuthTokenResponseBodyModel.swift */; };
		04AF96462C9AB49E00A90F49 /* ProfileImageResponseBodyModel.swift in Sources */ = {isa = PBXBuildFile; fileRef = 04AF96452C9AB49E00A90F49 /* ProfileImageResponseBodyModel.swift */; };
		04AF964A2C9ABCA200A90F49 /* ProfileLogoutService.swift in Sources */ = {isa = PBXBuildFile; fileRef = 04AF96492C9ABCA200A90F49 /* ProfileLogoutService.swift */; };
		04B40D972C5F656800CEE3C5 /* ImageListService.swift in Sources */ = {isa = PBXBuildFile; fileRef = 04B40D962C5F656800CEE3C5 /* ImageListService.swift */; };
		04B40D992C5F659A00CEE3C5 /* Photo.swift in Sources */ = {isa = PBXBuildFile; fileRef = 04B40D982C5F659A00CEE3C5 /* Photo.swift */; };
		04B40D9B2C5F690A00CEE3C5 /* PhotoResult.swift in Sources */ = {isa = PBXBuildFile; fileRef = 04B40D9A2C5F690A00CEE3C5 /* PhotoResult.swift */; };
		04D0F3712CC5603600B290C9 /* ProfileViewPresenterSpy.swift in Sources */ = {isa = PBXBuildFile; fileRef = 04D0F36F2CC5603600B290C9 /* ProfileViewPresenterSpy.swift */; };
		04D0F3722CC5603600B290C9 /* ProfileViewTests.swift in Sources */ = {isa = PBXBuildFile; fileRef = 04D0F36E2CC5603600B290C9 /* ProfileViewTests.swift */; };
		04D0F3762CC5603B00B290C9 /* ImageListTests.swift in Sources */ = {isa = PBXBuildFile; fileRef = 04D0F3732CC5603B00B290C9 /* ImageListTests.swift */; };
		04D0F3772CC5603B00B290C9 /* ImagesListPresenterSpy.swift in Sources */ = {isa = PBXBuildFile; fileRef = 04D0F3742CC5603B00B290C9 /* ImagesListPresenterSpy.swift */; };
		04D381302CC5196300714097 /* WebViewPresenter.swift in Sources */ = {isa = PBXBuildFile; fileRef = 04D3812F2CC5196300714097 /* WebViewPresenter.swift */; };
		04D381322CC51FD000714097 /* AuthHelper.swift in Sources */ = {isa = PBXBuildFile; fileRef = 04D381312CC51FD000714097 /* AuthHelper.swift */; };
		04D3815E2CC52A5400714097 /* WebViewTests.swift in Sources */ = {isa = PBXBuildFile; fileRef = 04D381532CC52A5400714097 /* WebViewTests.swift */; };
		04D381612CC52A5400714097 /* WebViewViewControllerSpy.swift in Sources */ = {isa = PBXBuildFile; fileRef = 04D381552CC52A5400714097 /* WebViewViewControllerSpy.swift */; };
		04D381642CC52A5400714097 /* WebViewPresenterSpy.swift in Sources */ = {isa = PBXBuildFile; fileRef = 04D381542CC52A5400714097 /* WebViewPresenterSpy.swift */; };
		04D3816B2CC52E0500714097 /* ImagesListPresenter.swift in Sources */ = {isa = PBXBuildFile; fileRef = 04D3816A2CC52E0500714097 /* ImagesListPresenter.swift */; };
		04D381732CC55AA300714097 /* ProfileViewPresenter.swift in Sources */ = {isa = PBXBuildFile; fileRef = 04D381722CC55AA300714097 /* ProfileViewPresenter.swift */; };
		04FC0E5E2C0974D400B3DF83 /* AuthConfiguration.swift in Sources */ = {isa = PBXBuildFile; fileRef = 04FC0E5D2C0974D400B3DF83 /* AuthConfiguration.swift */; };
		04FC0E652C0EBE9C00B3DF83 /* AuthViewController.swift in Sources */ = {isa = PBXBuildFile; fileRef = 04FC0E642C0EBE9C00B3DF83 /* AuthViewController.swift */; };
		04FC0E672C16BAF700B3DF83 /* WebViewViewController.swift in Sources */ = {isa = PBXBuildFile; fileRef = 04FC0E662C16BAF700B3DF83 /* WebViewViewController.swift */; };
		04FC0E6B2C16F07B00B3DF83 /* URLSession+data.swift in Sources */ = {isa = PBXBuildFile; fileRef = 04FC0E6A2C16F07B00B3DF83 /* URLSession+data.swift */; };
		04FC0E702C16F27200B3DF83 /* OAuth2Service.swift in Sources */ = {isa = PBXBuildFile; fileRef = 04FC0E6C2C16F27200B3DF83 /* OAuth2Service.swift */; };
		04FC0E712C16F27200B3DF83 /* OAuth2TokenStorage.swift in Sources */ = {isa = PBXBuildFile; fileRef = 04FC0E6D2C16F27200B3DF83 /* OAuth2TokenStorage.swift */; };
		04FC0E782C171F9100B3DF83 /* OAuthTokenResponseBody.swift in Sources */ = {isa = PBXBuildFile; fileRef = 04FC0E752C171F9100B3DF83 /* OAuthTokenResponseBody.swift */; };
		04FC0E7B2C172E5400B3DF83 /* SplashViewController.swift in Sources */ = {isa = PBXBuildFile; fileRef = 04FC0E792C172E5400B3DF83 /* SplashViewController.swift */; };
		04FC0E802C1A2FF200B3DF83 /* CustomNavigationController.swift in Sources */ = {isa = PBXBuildFile; fileRef = 04FC0E7F2C1A2FF200B3DF83 /* CustomNavigationController.swift */; };
		04FC0E8A2C24172800B3DF83 /* ProgressHUD in Frameworks */ = {isa = PBXBuildFile; productRef = 04FC0E892C24172800B3DF83 /* ProgressHUD */; };
		04FC0EAC2C245E1600B3DF83 /* UIBlockingProgressHUD.swift in Sources */ = {isa = PBXBuildFile; fileRef = 04FC0EAB2C245E1600B3DF83 /* UIBlockingProgressHUD.swift */; };
		04FC0EAE2C2A945600B3DF83 /* ProfileService.swift in Sources */ = {isa = PBXBuildFile; fileRef = 04FC0EAD2C2A945600B3DF83 /* ProfileService.swift */; };
		04FC0EB02C2A9A5B00B3DF83 /* ProfileImageService.swift in Sources */ = {isa = PBXBuildFile; fileRef = 04FC0EAF2C2A9A5B00B3DF83 /* ProfileImageService.swift */; };
		04FC0EB22C2AA07300B3DF83 /* UserResultModels.swift in Sources */ = {isa = PBXBuildFile; fileRef = 04FC0EB12C2AA07300B3DF83 /* UserResultModels.swift */; };
		04FC0EB52C2AD9AB00B3DF83 /* Kingfisher in Frameworks */ = {isa = PBXBuildFile; productRef = 04FC0EB42C2AD9AB00B3DF83 /* Kingfisher */; };
		04FC0EB82C2AEC3F00B3DF83 /* SwiftKeychainWrapper in Frameworks */ = {isa = PBXBuildFile; productRef = 04FC0EB72C2AEC3F00B3DF83 /* SwiftKeychainWrapper */; };
		04FC0EBA2C2AEF4C00B3DF83 /* TabBarController.swift in Sources */ = {isa = PBXBuildFile; fileRef = 04FC0EB92C2AEF4C00B3DF83 /* TabBarController.swift */; };
/* End PBXBuildFile section */

/* Begin PBXContainerItemProxy section */
		04B0C12D2CC6D01E00AFD5AB /* PBXContainerItemProxy */ = {
			isa = PBXContainerItemProxy;
			containerPortal = 041D52172BE36BF60061F141 /* Project object */;
			proxyType = 1;
			remoteGlobalIDString = 041D521E2BE36BF60061F141;
			remoteInfo = ImageFeed;
		};
		04B0C13E2CC6D21E00AFD5AB /* PBXContainerItemProxy */ = {
			isa = PBXContainerItemProxy;
			containerPortal = 041D52172BE36BF60061F141 /* Project object */;
			proxyType = 1;
			remoteGlobalIDString = 041D521E2BE36BF60061F141;
			remoteInfo = ImageFeed;
		};
		04D3813D2CC526D800714097 /* PBXContainerItemProxy */ = {
			isa = PBXContainerItemProxy;
			containerPortal = 041D52172BE36BF60061F141 /* Project object */;
			proxyType = 1;
			remoteGlobalIDString = 041D521E2BE36BF60061F141;
			remoteInfo = ImageFeed;
		};
/* End PBXContainerItemProxy section */

/* Begin PBXFileReference section */
		041D521F2BE36BF60061F141 /* ImageFeed.app */ = {isa = PBXFileReference; explicitFileType = wrapper.application; includeInIndex = 0; path = ImageFeed.app; sourceTree = BUILT_PRODUCTS_DIR; };
		041D52222BE36BF60061F141 /* AppDelegate.swift */ = {isa = PBXFileReference; lastKnownFileType = sourcecode.swift; path = AppDelegate.swift; sourceTree = "<group>"; };
		041D52242BE36BF60061F141 /* SceneDelegate.swift */ = {isa = PBXFileReference; lastKnownFileType = sourcecode.swift; path = SceneDelegate.swift; sourceTree = "<group>"; };
		041D52262BE36BF60061F141 /* ImagesListViewController.swift */ = {isa = PBXFileReference; lastKnownFileType = sourcecode.swift; path = ImagesListViewController.swift; sourceTree = "<group>"; };
		041D522B2BE36BF90061F141 /* Assets.xcassets */ = {isa = PBXFileReference; lastKnownFileType = folder.assetcatalog; path = Assets.xcassets; sourceTree = "<group>"; };
		041D522E2BE36BF90061F141 /* Base */ = {isa = PBXFileReference; lastKnownFileType = file.storyboard; name = Base; path = Base.lproj/LaunchScreen.storyboard; sourceTree = "<group>"; };
		041D52302BE36BF90061F141 /* Info.plist */ = {isa = PBXFileReference; lastKnownFileType = text.plist.xml; path = Info.plist; sourceTree = "<group>"; };
		041D52792BE9FD9E0061F141 /* ImagesListCell.swift */ = {isa = PBXFileReference; lastKnownFileType = sourcecode.swift; path = ImagesListCell.swift; sourceTree = "<group>"; };
		045B9AC12C2D73E60071FF05 /* ProfileModels.swift */ = {isa = PBXFileReference; lastKnownFileType = sourcecode.swift; path = ProfileModels.swift; sourceTree = "<group>"; };
		045B9AC32C2D74210071FF05 /* ProfileResultModels.swift */ = {isa = PBXFileReference; lastKnownFileType = sourcecode.swift; path = ProfileResultModels.swift; sourceTree = "<group>"; };
		045B9ADD2C43D2970071FF05 /* WebViewViewControllerDelegate.swift */ = {isa = PBXFileReference; fileEncoding = 4; lastKnownFileType = sourcecode.swift; path = WebViewViewControllerDelegate.swift; sourceTree = "<group>"; };
		045B9AE12C4612C40071FF05 /* OAuth2TokenStorageProtocol.swift */ = {isa = PBXFileReference; lastKnownFileType = sourcecode.swift; path = OAuth2TokenStorageProtocol.swift; sourceTree = "<group>"; };
		048336AB2BFBBA24008BB424 /* ProfileViewController.swift */ = {isa = PBXFileReference; lastKnownFileType = sourcecode.swift; path = ProfileViewController.swift; sourceTree = "<group>"; };
		048336AF2BFD8DCF008BB424 /* SingleImageViewController.swift */ = {isa = PBXFileReference; lastKnownFileType = sourcecode.swift; path = SingleImageViewController.swift; sourceTree = "<group>"; };
		048336B22BFD998F008BB424 /* Main.storyboard */ = {isa = PBXFileReference; fileEncoding = 4; lastKnownFileType = file.storyboard; path = Main.storyboard; sourceTree = "<group>"; };
		04AF96412C9AACA900A90F49 /* SnakeCaseJSONDecoder.swift */ = {isa = PBXFileReference; fileEncoding = 4; lastKnownFileType = sourcecode.swift; path = SnakeCaseJSONDecoder.swift; sourceTree = "<group>"; };
		04AF96432C9AB36A00A90F49 /* OAuthTokenResponseBodyModel.swift */ = {isa = PBXFileReference; fileEncoding = 4; lastKnownFileType = sourcecode.swift; path = OAuthTokenResponseBodyModel.swift; sourceTree = "<group>"; };
		04AF96452C9AB49E00A90F49 /* ProfileImageResponseBodyModel.swift */ = {isa = PBXFileReference; fileEncoding = 4; lastKnownFileType = sourcecode.swift; path = ProfileImageResponseBodyModel.swift; sourceTree = "<group>"; };
		04AF96492C9ABCA200A90F49 /* ProfileLogoutService.swift */ = {isa = PBXFileReference; fileEncoding = 4; lastKnownFileType = sourcecode.swift; path = ProfileLogoutService.swift; sourceTree = "<group>"; };
		04B0C1272CC6D01E00AFD5AB /* ui-tests.xctest */ = {isa = PBXFileReference; explicitFileType = wrapper.cfbundle; includeInIndex = 0; path = "ui-tests.xctest"; sourceTree = BUILT_PRODUCTS_DIR; };
		04B0C1382CC6D21E00AFD5AB /* Image FeedUITests.xctest */ = {isa = PBXFileReference; explicitFileType = wrapper.cfbundle; includeInIndex = 0; path = "Image FeedUITests.xctest"; sourceTree = BUILT_PRODUCTS_DIR; };
		04B40D962C5F656800CEE3C5 /* ImageListService.swift */ = {isa = PBXFileReference; lastKnownFileType = sourcecode.swift; path = ImageListService.swift; sourceTree = "<group>"; };
		04B40D982C5F659A00CEE3C5 /* Photo.swift */ = {isa = PBXFileReference; lastKnownFileType = sourcecode.swift; path = Photo.swift; sourceTree = "<group>"; };
		04B40D9A2C5F690A00CEE3C5 /* PhotoResult.swift */ = {isa = PBXFileReference; lastKnownFileType = sourcecode.swift; path = PhotoResult.swift; sourceTree = "<group>"; };
		04D0F36E2CC5603600B290C9 /* ProfileViewTests.swift */ = {isa = PBXFileReference; lastKnownFileType = sourcecode.swift; path = ProfileViewTests.swift; sourceTree = "<group>"; };
		04D0F36F2CC5603600B290C9 /* ProfileViewPresenterSpy.swift */ = {isa = PBXFileReference; lastKnownFileType = sourcecode.swift; path = ProfileViewPresenterSpy.swift; sourceTree = "<group>"; };
		04D0F3732CC5603B00B290C9 /* ImageListTests.swift */ = {isa = PBXFileReference; lastKnownFileType = sourcecode.swift; path = ImageListTests.swift; sourceTree = "<group>"; };
		04D0F3742CC5603B00B290C9 /* ImagesListPresenterSpy.swift */ = {isa = PBXFileReference; lastKnownFileType = sourcecode.swift; path = ImagesListPresenterSpy.swift; sourceTree = "<group>"; };
		04D3812F2CC5196300714097 /* WebViewPresenter.swift */ = {isa = PBXFileReference; lastKnownFileType = sourcecode.swift; path = WebViewPresenter.swift; sourceTree = "<group>"; };
		04D381312CC51FD000714097 /* AuthHelper.swift */ = {isa = PBXFileReference; lastKnownFileType = sourcecode.swift; path = AuthHelper.swift; sourceTree = "<group>"; };
		04D381392CC526D800714097 /* ImageFeedTests.xctest */ = {isa = PBXFileReference; explicitFileType = wrapper.cfbundle; includeInIndex = 0; path = ImageFeedTests.xctest; sourceTree = BUILT_PRODUCTS_DIR; };
		04D381532CC52A5400714097 /* WebViewTests.swift */ = {isa = PBXFileReference; lastKnownFileType = sourcecode.swift; path = WebViewTests.swift; sourceTree = "<group>"; };
		04D381542CC52A5400714097 /* WebViewPresenterSpy.swift */ = {isa = PBXFileReference; lastKnownFileType = sourcecode.swift; path = WebViewPresenterSpy.swift; sourceTree = "<group>"; };
		04D381552CC52A5400714097 /* WebViewViewControllerSpy.swift */ = {isa = PBXFileReference; lastKnownFileType = sourcecode.swift; path = WebViewViewControllerSpy.swift; sourceTree = "<group>"; };
		04D3816A2CC52E0500714097 /* ImagesListPresenter.swift */ = {isa = PBXFileReference; lastKnownFileType = sourcecode.swift; path = ImagesListPresenter.swift; sourceTree = "<group>"; };
		04D381722CC55AA300714097 /* ProfileViewPresenter.swift */ = {isa = PBXFileReference; lastKnownFileType = sourcecode.swift; path = ProfileViewPresenter.swift; sourceTree = "<group>"; };
		04FC0E5D2C0974D400B3DF83 /* AuthConfiguration.swift */ = {isa = PBXFileReference; lastKnownFileType = sourcecode.swift; path = AuthConfiguration.swift; sourceTree = "<group>"; };
		04FC0E642C0EBE9C00B3DF83 /* AuthViewController.swift */ = {isa = PBXFileReference; lastKnownFileType = sourcecode.swift; path = AuthViewController.swift; sourceTree = "<group>"; };
		04FC0E662C16BAF700B3DF83 /* WebViewViewController.swift */ = {isa = PBXFileReference; lastKnownFileType = sourcecode.swift; path = WebViewViewController.swift; sourceTree = "<group>"; };
		04FC0E6A2C16F07B00B3DF83 /* URLSession+data.swift */ = {isa = PBXFileReference; lastKnownFileType = sourcecode.swift; path = "URLSession+data.swift"; sourceTree = "<group>"; };
		04FC0E6C2C16F27200B3DF83 /* OAuth2Service.swift */ = {isa = PBXFileReference; fileEncoding = 4; lastKnownFileType = sourcecode.swift; path = OAuth2Service.swift; sourceTree = "<group>"; };
		04FC0E6D2C16F27200B3DF83 /* OAuth2TokenStorage.swift */ = {isa = PBXFileReference; fileEncoding = 4; lastKnownFileType = sourcecode.swift; path = OAuth2TokenStorage.swift; sourceTree = "<group>"; };
		04FC0E752C171F9100B3DF83 /* OAuthTokenResponseBody.swift */ = {isa = PBXFileReference; fileEncoding = 4; lastKnownFileType = sourcecode.swift; path = OAuthTokenResponseBody.swift; sourceTree = "<group>"; };
		04FC0E792C172E5400B3DF83 /* SplashViewController.swift */ = {isa = PBXFileReference; fileEncoding = 4; lastKnownFileType = sourcecode.swift; path = SplashViewController.swift; sourceTree = "<group>"; };
		04FC0E7F2C1A2FF200B3DF83 /* CustomNavigationController.swift */ = {isa = PBXFileReference; lastKnownFileType = sourcecode.swift; path = CustomNavigationController.swift; sourceTree = "<group>"; };
		04FC0EAB2C245E1600B3DF83 /* UIBlockingProgressHUD.swift */ = {isa = PBXFileReference; lastKnownFileType = sourcecode.swift; path = UIBlockingProgressHUD.swift; sourceTree = "<group>"; };
		04FC0EAD2C2A945600B3DF83 /* ProfileService.swift */ = {isa = PBXFileReference; lastKnownFileType = sourcecode.swift; path = ProfileService.swift; sourceTree = "<group>"; };
		04FC0EAF2C2A9A5B00B3DF83 /* ProfileImageService.swift */ = {isa = PBXFileReference; lastKnownFileType = sourcecode.swift; path = ProfileImageService.swift; sourceTree = "<group>"; };
		04FC0EB12C2AA07300B3DF83 /* UserResultModels.swift */ = {isa = PBXFileReference; lastKnownFileType = sourcecode.swift; path = UserResultModels.swift; sourceTree = "<group>"; };
		04FC0EB92C2AEF4C00B3DF83 /* TabBarController.swift */ = {isa = PBXFileReference; lastKnownFileType = sourcecode.swift; path = TabBarController.swift; sourceTree = "<group>"; };
/* End PBXFileReference section */

/* Begin PBXFileSystemSynchronizedRootGroup section */
		04B0C1392CC6D21E00AFD5AB /* ui-tests */ = {isa = PBXFileSystemSynchronizedRootGroup; explicitFileTypes = {}; explicitFolders = (); path = "ui-tests"; sourceTree = "<group>"; };
/* End PBXFileSystemSynchronizedRootGroup section */

/* Begin PBXFrameworksBuildPhase section */
		041D521C2BE36BF60061F141 /* Frameworks */ = {
			isa = PBXFrameworksBuildPhase;
			buildActionMask = 2147483647;
			files = (
				04FC0EB52C2AD9AB00B3DF83 /* Kingfisher in Frameworks */,
				04FC0E8A2C24172800B3DF83 /* ProgressHUD in Frameworks */,
				04FC0EB82C2AEC3F00B3DF83 /* SwiftKeychainWrapper in Frameworks */,
			);
			runOnlyForDeploymentPostprocessing = 0;
		};
		04B0C1242CC6D01E00AFD5AB /* Frameworks */ = {
			isa = PBXFrameworksBuildPhase;
			buildActionMask = 2147483647;
			files = (
			);
			runOnlyForDeploymentPostprocessing = 0;
		};
		04B0C1352CC6D21E00AFD5AB /* Frameworks */ = {
			isa = PBXFrameworksBuildPhase;
			buildActionMask = 2147483647;
			files = (
			);
			runOnlyForDeploymentPostprocessing = 0;
		};
		04D381362CC526D800714097 /* Frameworks */ = {
			isa = PBXFrameworksBuildPhase;
			buildActionMask = 2147483647;
			files = (
			);
			runOnlyForDeploymentPostprocessing = 0;
		};
/* End PBXFrameworksBuildPhase section */

/* Begin PBXGroup section */
		041D52162BE36BF60061F141 = {
			isa = PBXGroup;
			children = (
				041D52212BE36BF60061F141 /* ImageFeed */,
				04D3815D2CC52A5400714097 /* unit-tests */,
				04B0C1392CC6D21E00AFD5AB /* ui-tests */,
				041D52202BE36BF60061F141 /* Products */,
			);
			sourceTree = "<group>";
		};
		041D52202BE36BF60061F141 /* Products */ = {
			isa = PBXGroup;
			children = (
				041D521F2BE36BF60061F141 /* ImageFeed.app */,
				04D381392CC526D800714097 /* ImageFeedTests.xctest */,
				04B0C1272CC6D01E00AFD5AB /* ui-tests.xctest */,
				04B0C1382CC6D21E00AFD5AB /* Image FeedUITests.xctest */,
			);
			name = Products;
			sourceTree = "<group>";
		};
		041D52212BE36BF60061F141 /* ImageFeed */ = {
			isa = PBXGroup;
			children = (
				041D52222BE36BF60061F141 /* AppDelegate.swift */,
				041D52242BE36BF60061F141 /* SceneDelegate.swift */,
				04FC0EB92C2AEF4C00B3DF83 /* TabBarController.swift */,
				04FC0E7F2C1A2FF200B3DF83 /* CustomNavigationController.swift */,
				04FC0E632C0EBE7E00B3DF83 /* Auth */,
				04FC0E7A2C172E5400B3DF83 /* SplashViewController */,
				041D527B2BE9FDF00061F141 /* ImagesList */,
				048336AE2BFBC699008BB424 /* Profile */,
				048336B12BFD91BA008BB424 /* SingleImageView */,
				048336B22BFD998F008BB424 /* Main.storyboard */,
				041D522B2BE36BF90061F141 /* Assets.xcassets */,
				041D522D2BE36BF90061F141 /* LaunchScreen.storyboard */,
				041D52302BE36BF90061F141 /* Info.plist */,
			);
			path = ImageFeed;
			sourceTree = "<group>";
		};
		041D527B2BE9FDF00061F141 /* ImagesList */ = {
			isa = PBXGroup;
			children = (
				041D52262BE36BF60061F141 /* ImagesListViewController.swift */,
				04D3816A2CC52E0500714097 /* ImagesListPresenter.swift */,
				041D52792BE9FD9E0061F141 /* ImagesListCell.swift */,
				04B40D962C5F656800CEE3C5 /* ImageListService.swift */,
			);
			path = ImagesList;
			sourceTree = "<group>";
		};
		048336AE2BFBC699008BB424 /* Profile */ = {
			isa = PBXGroup;
			children = (
				048336AB2BFBBA24008BB424 /* ProfileViewController.swift */,
				04D381722CC55AA300714097 /* ProfileViewPresenter.swift */,
				04FC0EAD2C2A945600B3DF83 /* ProfileService.swift */,
				04AF96492C9ABCA200A90F49 /* ProfileLogoutService.swift */,
				04FC0EAF2C2A9A5B00B3DF83 /* ProfileImageService.swift */,
				04AF96452C9AB49E00A90F49 /* ProfileImageResponseBodyModel.swift */,
			);
			path = Profile;
			sourceTree = "<group>";
		};
		048336B12BFD91BA008BB424 /* SingleImageView */ = {
			isa = PBXGroup;
			children = (
				048336AF2BFD8DCF008BB424 /* SingleImageViewController.swift */,
			);
			path = SingleImageView;
			sourceTree = "<group>";
		};
		04D0F3702CC5603600B290C9 /* Profile */ = {
			isa = PBXGroup;
			children = (
				04D0F36E2CC5603600B290C9 /* ProfileViewTests.swift */,
				04D0F36F2CC5603600B290C9 /* ProfileViewPresenterSpy.swift */,
			);
			path = Profile;
			sourceTree = "<group>";
		};
		04D0F3752CC5603B00B290C9 /* ImagesList */ = {
			isa = PBXGroup;
			children = (
				04D0F3732CC5603B00B290C9 /* ImageListTests.swift */,
				04D0F3742CC5603B00B290C9 /* ImagesListPresenterSpy.swift */,
			);
			path = ImagesList;
			sourceTree = "<group>";
		};
		04D381562CC52A5400714097 /* WebView */ = {
			isa = PBXGroup;
			children = (
				04D381532CC52A5400714097 /* WebViewTests.swift */,
				04D381542CC52A5400714097 /* WebViewPresenterSpy.swift */,
				04D381552CC52A5400714097 /* WebViewViewControllerSpy.swift */,
			);
			path = WebView;
			sourceTree = "<group>";
		};
		04D3815D2CC52A5400714097 /* unit-tests */ = {
			isa = PBXGroup;
			children = (
				04D381562CC52A5400714097 /* WebView */,
				04D0F3702CC5603600B290C9 /* Profile */,
				04D0F3752CC5603B00B290C9 /* ImagesList */,
			);
			path = "unit-tests";
			sourceTree = "<group>";
		};
		04FC0E632C0EBE7E00B3DF83 /* Auth */ = {
			isa = PBXGroup;
			children = (
				04FC0E642C0EBE9C00B3DF83 /* AuthViewController.swift */,
				04D381312CC51FD000714097 /* AuthHelper.swift */,
				04FC0E6D2C16F27200B3DF83 /* OAuth2TokenStorage.swift */,
				045B9AE12C4612C40071FF05 /* OAuth2TokenStorageProtocol.swift */,
				04FC0E662C16BAF700B3DF83 /* WebViewViewController.swift */,
				04D3812F2CC5196300714097 /* WebViewPresenter.swift */,
				045B9ADD2C43D2970071FF05 /* WebViewViewControllerDelegate.swift */,
				04FC0E772C171F9100B3DF83 /* Models */,
			);
			path = Auth;
			sourceTree = "<group>";
		};
		04FC0E6E2C16F27200B3DF83 /* OAuth */ = {
			isa = PBXGroup;
			children = (
				04FC0E5D2C0974D400B3DF83 /* AuthConfiguration.swift */,
				04FC0E6C2C16F27200B3DF83 /* OAuth2Service.swift */,
			);
			path = OAuth;
			sourceTree = "<group>";
		};
		04FC0E6F2C16F27200B3DF83 /* NetworkError */ = {
			isa = PBXGroup;
			children = (
				04FC0E6A2C16F07B00B3DF83 /* URLSession+data.swift */,
				04AF96412C9AACA900A90F49 /* SnakeCaseJSONDecoder.swift */,
			);
			path = NetworkError;
			sourceTree = "<group>";
		};
		04FC0E722C16F65C00B3DF83 /* Services */ = {
			isa = PBXGroup;
			children = (
				04FC0E6E2C16F27200B3DF83 /* OAuth */,
				04FC0E6F2C16F27200B3DF83 /* NetworkError */,
				04FC0EAB2C245E1600B3DF83 /* UIBlockingProgressHUD.swift */,
			);
			path = Services;
			sourceTree = "<group>";
		};
		04FC0E772C171F9100B3DF83 /* Models */ = {
			isa = PBXGroup;
			children = (
				04AF96432C9AB36A00A90F49 /* OAuthTokenResponseBodyModel.swift */,
				04FC0E752C171F9100B3DF83 /* OAuthTokenResponseBody.swift */,
				04FC0EB12C2AA07300B3DF83 /* UserResultModels.swift */,
				045B9AC12C2D73E60071FF05 /* ProfileModels.swift */,
				045B9AC32C2D74210071FF05 /* ProfileResultModels.swift */,
				04B40D982C5F659A00CEE3C5 /* Photo.swift */,
				04B40D9A2C5F690A00CEE3C5 /* PhotoResult.swift */,
				04FC0E722C16F65C00B3DF83 /* Services */,
			);
			path = Models;
			sourceTree = "<group>";
		};
		04FC0E7A2C172E5400B3DF83 /* SplashViewController */ = {
			isa = PBXGroup;
			children = (
				04FC0E792C172E5400B3DF83 /* SplashViewController.swift */,
			);
			path = SplashViewController;
			sourceTree = "<group>";
		};
/* End PBXGroup section */

/* Begin PBXNativeTarget section */
		041D521E2BE36BF60061F141 /* ImageFeed */ = {
			isa = PBXNativeTarget;
			buildConfigurationList = 041D52332BE36BF90061F141 /* Build configuration list for PBXNativeTarget "ImageFeed" */;
			buildPhases = (
				041D521B2BE36BF60061F141 /* Sources */,
				041D521C2BE36BF60061F141 /* Frameworks */,
				041D521D2BE36BF60061F141 /* Resources */,
			);
			buildRules = (
			);
			dependencies = (
			);
			name = ImageFeed;
			packageProductDependencies = (
				04FC0E892C24172800B3DF83 /* ProgressHUD */,
				04FC0EB42C2AD9AB00B3DF83 /* Kingfisher */,
				04FC0EB72C2AEC3F00B3DF83 /* SwiftKeychainWrapper */,
			);
			productName = ImageFeed;
			productReference = 041D521F2BE36BF60061F141 /* ImageFeed.app */;
			productType = "com.apple.product-type.application";
		};
		04B0C1262CC6D01E00AFD5AB /* ui-tests */ = {
			isa = PBXNativeTarget;
			buildConfigurationList = 04B0C12F2CC6D01E00AFD5AB /* Build configuration list for PBXNativeTarget "ui-tests" */;
			buildPhases = (
				04B0C1232CC6D01E00AFD5AB /* Sources */,
				04B0C1242CC6D01E00AFD5AB /* Frameworks */,
				04B0C1252CC6D01E00AFD5AB /* Resources */,
			);
			buildRules = (
			);
			dependencies = (
				04B0C12E2CC6D01E00AFD5AB /* PBXTargetDependency */,
			);
			name = "ui-tests";
			packageProductDependencies = (
			);
			productName = "ui-tests";
			productReference = 04B0C1272CC6D01E00AFD5AB /* ui-tests.xctest */;
			productType = "com.apple.product-type.bundle.ui-testing";
		};
		04B0C1372CC6D21E00AFD5AB /* Image FeedUITests */ = {
			isa = PBXNativeTarget;
			buildConfigurationList = 04B0C1402CC6D21E00AFD5AB /* Build configuration list for PBXNativeTarget "Image FeedUITests" */;
			buildPhases = (
				04B0C1342CC6D21E00AFD5AB /* Sources */,
				04B0C1352CC6D21E00AFD5AB /* Frameworks */,
				04B0C1362CC6D21E00AFD5AB /* Resources */,
			);
			buildRules = (
			);
			dependencies = (
				04B0C13F2CC6D21E00AFD5AB /* PBXTargetDependency */,
			);
			fileSystemSynchronizedGroups = (
				04B0C1392CC6D21E00AFD5AB /* ui-tests */,
			);
			name = "Image FeedUITests";
			packageProductDependencies = (
			);
			productName = "Image FeedUITests";
			productReference = 04B0C1382CC6D21E00AFD5AB /* Image FeedUITests.xctest */;
			productType = "com.apple.product-type.bundle.ui-testing";
		};
		04D381382CC526D800714097 /* ImageFeedTests */ = {
			isa = PBXNativeTarget;
			buildConfigurationList = 04D3813F2CC526D800714097 /* Build configuration list for PBXNativeTarget "ImageFeedTests" */;
			buildPhases = (
				04D381352CC526D800714097 /* Sources */,
				04D381362CC526D800714097 /* Frameworks */,
				04D381372CC526D800714097 /* Resources */,
			);
			buildRules = (
			);
			dependencies = (
				04D3813E2CC526D800714097 /* PBXTargetDependency */,
			);
			name = ImageFeedTests;
			packageProductDependencies = (
			);
			productName = ImageFeedTests;
			productReference = 04D381392CC526D800714097 /* ImageFeedTests.xctest */;
			productType = "com.apple.product-type.bundle.unit-test";
		};
/* End PBXNativeTarget section */

/* Begin PBXProject section */
		041D52172BE36BF60061F141 /* Project object */ = {
			isa = PBXProject;
			attributes = {
				BuildIndependentTargetsInParallel = 1;
				LastSwiftUpdateCheck = 1600;
				LastUpgradeCheck = 1530;
				TargetAttributes = {
					041D521E2BE36BF60061F141 = {
						CreatedOnToolsVersion = 15.3;
					};
					04B0C1262CC6D01E00AFD5AB = {
						CreatedOnToolsVersion = 16.0;
						TestTargetID = 041D521E2BE36BF60061F141;
					};
					04B0C1372CC6D21E00AFD5AB = {
						CreatedOnToolsVersion = 16.0;
						TestTargetID = 041D521E2BE36BF60061F141;
					};
					04D381382CC526D800714097 = {
						CreatedOnToolsVersion = 16.0;
						TestTargetID = 041D521E2BE36BF60061F141;
					};
				};
			};
			buildConfigurationList = 041D521A2BE36BF60061F141 /* Build configuration list for PBXProject "ImageFeed" */;
			compatibilityVersion = "Xcode 14.0";
			developmentRegion = en;
			hasScannedForEncodings = 0;
			knownRegions = (
				en,
				Base,
			);
			mainGroup = 041D52162BE36BF60061F141;
			packageReferences = (
				04FC0E882C24172800B3DF83 /* XCRemoteSwiftPackageReference "ProgressHUD" */,
				04FC0EB32C2AD9AB00B3DF83 /* XCRemoteSwiftPackageReference "Kingfisher" */,
				04FC0EB62C2AEC3F00B3DF83 /* XCRemoteSwiftPackageReference "SwiftKeychainWrapper" */,
			);
			productRefGroup = 041D52202BE36BF60061F141 /* Products */;
			projectDirPath = "";
			projectRoot = "";
			targets = (
				041D521E2BE36BF60061F141 /* ImageFeed */,
				04D381382CC526D800714097 /* ImageFeedTests */,
				04B0C1262CC6D01E00AFD5AB /* ui-tests */,
				04B0C1372CC6D21E00AFD5AB /* Image FeedUITests */,
			);
		};
/* End PBXProject section */

/* Begin PBXResourcesBuildPhase section */
		041D521D2BE36BF60061F141 /* Resources */ = {
			isa = PBXResourcesBuildPhase;
			buildActionMask = 2147483647;
			files = (
				041D522C2BE36BF90061F141 /* Assets.xcassets in Resources */,
				041D52362BE37F440061F141 /* LaunchScreen.storyboard in Resources */,
				048336B32BFD998F008BB424 /* Main.storyboard in Resources */,
				041D522F2BE36BF90061F141 /* Base in Resources */,
			);
			runOnlyForDeploymentPostprocessing = 0;
		};
		04B0C1252CC6D01E00AFD5AB /* Resources */ = {
			isa = PBXResourcesBuildPhase;
			buildActionMask = 2147483647;
			files = (
			);
			runOnlyForDeploymentPostprocessing = 0;
		};
		04B0C1362CC6D21E00AFD5AB /* Resources */ = {
			isa = PBXResourcesBuildPhase;
			buildActionMask = 2147483647;
			files = (
			);
			runOnlyForDeploymentPostprocessing = 0;
		};
		04D381372CC526D800714097 /* Resources */ = {
			isa = PBXResourcesBuildPhase;
			buildActionMask = 2147483647;
			files = (
			);
			runOnlyForDeploymentPostprocessing = 0;
		};
/* End PBXResourcesBuildPhase section */

/* Begin PBXSourcesBuildPhase section */
		041D521B2BE36BF60061F141 /* Sources */ = {
			isa = PBXSourcesBuildPhase;
			buildActionMask = 2147483647;
			files = (
				041D52272BE36BF60061F141 /* ImagesListViewController.swift in Sources */,
				04AF96462C9AB49E00A90F49 /* ProfileImageResponseBodyModel.swift in Sources */,
				041D527A2BE9FD9E0061F141 /* ImagesListCell.swift in Sources */,
				045B9AC42C2D74210071FF05 /* ProfileResultModels.swift in Sources */,
				04B40D992C5F659A00CEE3C5 /* Photo.swift in Sources */,
				04FC0E702C16F27200B3DF83 /* OAuth2Service.swift in Sources */,
				04FC0EAC2C245E1600B3DF83 /* UIBlockingProgressHUD.swift in Sources */,
				048336AC2BFBBA25008BB424 /* ProfileViewController.swift in Sources */,
				041D52232BE36BF60061F141 /* AppDelegate.swift in Sources */,
				04FC0E652C0EBE9C00B3DF83 /* AuthViewController.swift in Sources */,
				04B40D9B2C5F690A00CEE3C5 /* PhotoResult.swift in Sources */,
				04FC0EAE2C2A945600B3DF83 /* ProfileService.swift in Sources */,
				045B9ADE2C43D2970071FF05 /* WebViewViewControllerDelegate.swift in Sources */,
				04FC0E802C1A2FF200B3DF83 /* CustomNavigationController.swift in Sources */,
				04FC0E5E2C0974D400B3DF83 /* AuthConfiguration.swift in Sources */,
				048336B02BFD8DCF008BB424 /* SingleImageViewController.swift in Sources */,
				04D381302CC5196300714097 /* WebViewPresenter.swift in Sources */,
				04FC0E7B2C172E5400B3DF83 /* SplashViewController.swift in Sources */,
				04AF964A2C9ABCA200A90F49 /* ProfileLogoutService.swift in Sources */,
				04AF96422C9AACA900A90F49 /* SnakeCaseJSONDecoder.swift in Sources */,
				045B9AC22C2D73E60071FF05 /* ProfileModels.swift in Sources */,
				04FC0E6B2C16F07B00B3DF83 /* URLSession+data.swift in Sources */,
				04FC0EBA2C2AEF4C00B3DF83 /* TabBarController.swift in Sources */,
				04AF96442C9AB36A00A90F49 /* OAuthTokenResponseBodyModel.swift in Sources */,
				04FC0E782C171F9100B3DF83 /* OAuthTokenResponseBody.swift in Sources */,
				04FC0E672C16BAF700B3DF83 /* WebViewViewController.swift in Sources */,
				04FC0EB22C2AA07300B3DF83 /* UserResultModels.swift in Sources */,
				045B9AE22C4612C40071FF05 /* OAuth2TokenStorageProtocol.swift in Sources */,
				04FC0EB02C2A9A5B00B3DF83 /* ProfileImageService.swift in Sources */,
				04D381322CC51FD000714097 /* AuthHelper.swift in Sources */,
				04B40D972C5F656800CEE3C5 /* ImageListService.swift in Sources */,
				04D381732CC55AA300714097 /* ProfileViewPresenter.swift in Sources */,
				04FC0E712C16F27200B3DF83 /* OAuth2TokenStorage.swift in Sources */,
				04D3816B2CC52E0500714097 /* ImagesListPresenter.swift in Sources */,
				041D52252BE36BF60061F141 /* SceneDelegate.swift in Sources */,
			);
			runOnlyForDeploymentPostprocessing = 0;
		};
		04B0C1232CC6D01E00AFD5AB /* Sources */ = {
			isa = PBXSourcesBuildPhase;
			buildActionMask = 2147483647;
			files = (
			);
			runOnlyForDeploymentPostprocessing = 0;
		};
		04B0C1342CC6D21E00AFD5AB /* Sources */ = {
			isa = PBXSourcesBuildPhase;
			buildActionMask = 2147483647;
			files = (
			);
			runOnlyForDeploymentPostprocessing = 0;
		};
		04D381352CC526D800714097 /* Sources */ = {
			isa = PBXSourcesBuildPhase;
			buildActionMask = 2147483647;
			files = (
				04D0F3712CC5603600B290C9 /* ProfileViewPresenterSpy.swift in Sources */,
				04D0F3722CC5603600B290C9 /* ProfileViewTests.swift in Sources */,
				04D3815E2CC52A5400714097 /* WebViewTests.swift in Sources */,
				04D381612CC52A5400714097 /* WebViewViewControllerSpy.swift in Sources */,
				04D0F3762CC5603B00B290C9 /* ImageListTests.swift in Sources */,
				04D0F3772CC5603B00B290C9 /* ImagesListPresenterSpy.swift in Sources */,
				04D381642CC52A5400714097 /* WebViewPresenterSpy.swift in Sources */,
			);
			runOnlyForDeploymentPostprocessing = 0;
		};
/* End PBXSourcesBuildPhase section */

/* Begin PBXTargetDependency section */
		04B0C12E2CC6D01E00AFD5AB /* PBXTargetDependency */ = {
			isa = PBXTargetDependency;
			target = 041D521E2BE36BF60061F141 /* ImageFeed */;
			targetProxy = 04B0C12D2CC6D01E00AFD5AB /* PBXContainerItemProxy */;
		};
		04B0C13F2CC6D21E00AFD5AB /* PBXTargetDependency */ = {
			isa = PBXTargetDependency;
			target = 041D521E2BE36BF60061F141 /* ImageFeed */;
			targetProxy = 04B0C13E2CC6D21E00AFD5AB /* PBXContainerItemProxy */;
		};
		04D3813E2CC526D800714097 /* PBXTargetDependency */ = {
			isa = PBXTargetDependency;
			target = 041D521E2BE36BF60061F141 /* ImageFeed */;
			targetProxy = 04D3813D2CC526D800714097 /* PBXContainerItemProxy */;
		};
/* End PBXTargetDependency section */

/* Begin PBXVariantGroup section */
		041D522D2BE36BF90061F141 /* LaunchScreen.storyboard */ = {
			isa = PBXVariantGroup;
			children = (
				041D522E2BE36BF90061F141 /* Base */,
			);
			name = LaunchScreen.storyboard;
			sourceTree = "<group>";
		};
/* End PBXVariantGroup section */

/* Begin XCBuildConfiguration section */
		041D52312BE36BF90061F141 /* Debug */ = {
			isa = XCBuildConfiguration;
			buildSettings = {
				ALWAYS_SEARCH_USER_PATHS = NO;
				ASSETCATALOG_COMPILER_GENERATE_SWIFT_ASSET_SYMBOL_EXTENSIONS = YES;
				CLANG_ANALYZER_NONNULL = YES;
				CLANG_ANALYZER_NUMBER_OBJECT_CONVERSION = YES_AGGRESSIVE;
				CLANG_CXX_LANGUAGE_STANDARD = "gnu++20";
				CLANG_ENABLE_MODULES = YES;
				CLANG_ENABLE_OBJC_ARC = YES;
				CLANG_ENABLE_OBJC_WEAK = YES;
				CLANG_WARN_BLOCK_CAPTURE_AUTORELEASING = YES;
				CLANG_WARN_BOOL_CONVERSION = YES;
				CLANG_WARN_COMMA = YES;
				CLANG_WARN_CONSTANT_CONVERSION = YES;
				CLANG_WARN_DEPRECATED_OBJC_IMPLEMENTATIONS = YES;
				CLANG_WARN_DIRECT_OBJC_ISA_USAGE = YES_ERROR;
				CLANG_WARN_DOCUMENTATION_COMMENTS = YES;
				CLANG_WARN_EMPTY_BODY = YES;
				CLANG_WARN_ENUM_CONVERSION = YES;
				CLANG_WARN_INFINITE_RECURSION = YES;
				CLANG_WARN_INT_CONVERSION = YES;
				CLANG_WARN_NON_LITERAL_NULL_CONVERSION = YES;
				CLANG_WARN_OBJC_IMPLICIT_RETAIN_SELF = YES;
				CLANG_WARN_OBJC_LITERAL_CONVERSION = YES;
				CLANG_WARN_OBJC_ROOT_CLASS = YES_ERROR;
				CLANG_WARN_QUOTED_INCLUDE_IN_FRAMEWORK_HEADER = YES;
				CLANG_WARN_RANGE_LOOP_ANALYSIS = YES;
				CLANG_WARN_STRICT_PROTOTYPES = YES;
				CLANG_WARN_SUSPICIOUS_MOVE = YES;
				CLANG_WARN_UNGUARDED_AVAILABILITY = YES_AGGRESSIVE;
				CLANG_WARN_UNREACHABLE_CODE = YES;
				CLANG_WARN__DUPLICATE_METHOD_MATCH = YES;
				COPY_PHASE_STRIP = NO;
				DEBUG_INFORMATION_FORMAT = dwarf;
				ENABLE_STRICT_OBJC_MSGSEND = YES;
				ENABLE_TESTABILITY = YES;
				ENABLE_USER_SCRIPT_SANDBOXING = YES;
				GCC_C_LANGUAGE_STANDARD = gnu17;
				GCC_DYNAMIC_NO_PIC = NO;
				GCC_NO_COMMON_BLOCKS = YES;
				GCC_OPTIMIZATION_LEVEL = 0;
				GCC_PREPROCESSOR_DEFINITIONS = (
					"DEBUG=1",
					"$(inherited)",
				);
				GCC_WARN_64_TO_32_BIT_CONVERSION = YES;
				GCC_WARN_ABOUT_RETURN_TYPE = YES_ERROR;
				GCC_WARN_UNDECLARED_SELECTOR = YES;
				GCC_WARN_UNINITIALIZED_AUTOS = YES_AGGRESSIVE;
				GCC_WARN_UNUSED_FUNCTION = YES;
				GCC_WARN_UNUSED_VARIABLE = YES;
				IPHONEOS_DEPLOYMENT_TARGET = 13.0;
				LOCALIZATION_PREFERS_STRING_CATALOGS = YES;
				MTL_ENABLE_DEBUG_INFO = INCLUDE_SOURCE;
				MTL_FAST_MATH = YES;
				ONLY_ACTIVE_ARCH = YES;
				SDKROOT = iphoneos;
				SWIFT_ACTIVE_COMPILATION_CONDITIONS = "DEBUG $(inherited)";
				SWIFT_OPTIMIZATION_LEVEL = "-Onone";
			};
			name = Debug;
		};
		041D52322BE36BF90061F141 /* Release */ = {
			isa = XCBuildConfiguration;
			buildSettings = {
				ALWAYS_SEARCH_USER_PATHS = NO;
				ASSETCATALOG_COMPILER_GENERATE_SWIFT_ASSET_SYMBOL_EXTENSIONS = YES;
				CLANG_ANALYZER_NONNULL = YES;
				CLANG_ANALYZER_NUMBER_OBJECT_CONVERSION = YES_AGGRESSIVE;
				CLANG_CXX_LANGUAGE_STANDARD = "gnu++20";
				CLANG_ENABLE_MODULES = YES;
				CLANG_ENABLE_OBJC_ARC = YES;
				CLANG_ENABLE_OBJC_WEAK = YES;
				CLANG_WARN_BLOCK_CAPTURE_AUTORELEASING = YES;
				CLANG_WARN_BOOL_CONVERSION = YES;
				CLANG_WARN_COMMA = YES;
				CLANG_WARN_CONSTANT_CONVERSION = YES;
				CLANG_WARN_DEPRECATED_OBJC_IMPLEMENTATIONS = YES;
				CLANG_WARN_DIRECT_OBJC_ISA_USAGE = YES_ERROR;
				CLANG_WARN_DOCUMENTATION_COMMENTS = YES;
				CLANG_WARN_EMPTY_BODY = YES;
				CLANG_WARN_ENUM_CONVERSION = YES;
				CLANG_WARN_INFINITE_RECURSION = YES;
				CLANG_WARN_INT_CONVERSION = YES;
				CLANG_WARN_NON_LITERAL_NULL_CONVERSION = YES;
				CLANG_WARN_OBJC_IMPLICIT_RETAIN_SELF = YES;
				CLANG_WARN_OBJC_LITERAL_CONVERSION = YES;
				CLANG_WARN_OBJC_ROOT_CLASS = YES_ERROR;
				CLANG_WARN_QUOTED_INCLUDE_IN_FRAMEWORK_HEADER = YES;
				CLANG_WARN_RANGE_LOOP_ANALYSIS = YES;
				CLANG_WARN_STRICT_PROTOTYPES = YES;
				CLANG_WARN_SUSPICIOUS_MOVE = YES;
				CLANG_WARN_UNGUARDED_AVAILABILITY = YES_AGGRESSIVE;
				CLANG_WARN_UNREACHABLE_CODE = YES;
				CLANG_WARN__DUPLICATE_METHOD_MATCH = YES;
				COPY_PHASE_STRIP = NO;
				DEBUG_INFORMATION_FORMAT = "dwarf-with-dsym";
				ENABLE_NS_ASSERTIONS = NO;
				ENABLE_STRICT_OBJC_MSGSEND = YES;
				ENABLE_USER_SCRIPT_SANDBOXING = YES;
				GCC_C_LANGUAGE_STANDARD = gnu17;
				GCC_NO_COMMON_BLOCKS = YES;
				GCC_WARN_64_TO_32_BIT_CONVERSION = YES;
				GCC_WARN_ABOUT_RETURN_TYPE = YES_ERROR;
				GCC_WARN_UNDECLARED_SELECTOR = YES;
				GCC_WARN_UNINITIALIZED_AUTOS = YES_AGGRESSIVE;
				GCC_WARN_UNUSED_FUNCTION = YES;
				GCC_WARN_UNUSED_VARIABLE = YES;
				IPHONEOS_DEPLOYMENT_TARGET = 13.0;
				LOCALIZATION_PREFERS_STRING_CATALOGS = YES;
				MTL_ENABLE_DEBUG_INFO = NO;
				MTL_FAST_MATH = YES;
				SDKROOT = iphoneos;
				SWIFT_COMPILATION_MODE = wholemodule;
				VALIDATE_PRODUCT = YES;
			};
			name = Release;
		};
		041D52342BE36BF90061F141 /* Debug */ = {
			isa = XCBuildConfiguration;
			buildSettings = {
				ASSETCATALOG_COMPILER_APPICON_NAME = AppIcon;
				ASSETCATALOG_COMPILER_GLOBAL_ACCENT_COLOR_NAME = AccentColor;
				CODE_SIGN_STYLE = Automatic;
				CURRENT_PROJECT_VERSION = 1;
				DEVELOPMENT_TEAM = TFTDJU26W8;
				GENERATE_INFOPLIST_FILE = YES;
				INFOPLIST_FILE = ImageFeed/Info.plist;
				INFOPLIST_KEY_UIApplicationSupportsIndirectInputEvents = YES;
				INFOPLIST_KEY_UILaunchStoryboardName = LaunchScreen;
				INFOPLIST_KEY_UIMainStoryboardFile = Main;
				INFOPLIST_KEY_UISupportedInterfaceOrientations = UIInterfaceOrientationPortrait;
				INFOPLIST_KEY_UISupportedInterfaceOrientations_iPad = "UIInterfaceOrientationLandscapeLeft UIInterfaceOrientationLandscapeRight UIInterfaceOrientationPortrait UIInterfaceOrientationPortraitUpsideDown";
				IPHONEOS_DEPLOYMENT_TARGET = 13.0;
				LD_RUNPATH_SEARCH_PATHS = (
					"$(inherited)",
					"@executable_path/Frameworks",
				);
				MARKETING_VERSION = 1.0;
				PRODUCT_BUNDLE_IDENTIFIER = ru.yandex.practicum.ImageFeed;
				PRODUCT_NAME = "$(TARGET_NAME)";
				SUPPORTED_PLATFORMS = "iphoneos iphonesimulator";
				SUPPORTS_MACCATALYST = NO;
				SUPPORTS_MAC_DESIGNED_FOR_IPHONE_IPAD = NO;
				SUPPORTS_XR_DESIGNED_FOR_IPHONE_IPAD = NO;
				SWIFT_EMIT_LOC_STRINGS = YES;
				SWIFT_VERSION = 5.0;
				TARGETED_DEVICE_FAMILY = 1;
			};
			name = Debug;
		};
		041D52352BE36BF90061F141 /* Release */ = {
			isa = XCBuildConfiguration;
			buildSettings = {
				ASSETCATALOG_COMPILER_APPICON_NAME = AppIcon;
				ASSETCATALOG_COMPILER_GLOBAL_ACCENT_COLOR_NAME = AccentColor;
				CODE_SIGN_STYLE = Automatic;
				CURRENT_PROJECT_VERSION = 1;
				DEVELOPMENT_TEAM = TFTDJU26W8;
				GENERATE_INFOPLIST_FILE = YES;
				INFOPLIST_FILE = ImageFeed/Info.plist;
				INFOPLIST_KEY_UIApplicationSupportsIndirectInputEvents = YES;
				INFOPLIST_KEY_UILaunchStoryboardName = LaunchScreen;
				INFOPLIST_KEY_UIMainStoryboardFile = Main;
				INFOPLIST_KEY_UISupportedInterfaceOrientations = UIInterfaceOrientationPortrait;
				INFOPLIST_KEY_UISupportedInterfaceOrientations_iPad = "UIInterfaceOrientationLandscapeLeft UIInterfaceOrientationLandscapeRight UIInterfaceOrientationPortrait UIInterfaceOrientationPortraitUpsideDown";
				IPHONEOS_DEPLOYMENT_TARGET = 13.0;
				LD_RUNPATH_SEARCH_PATHS = (
					"$(inherited)",
					"@executable_path/Frameworks",
				);
				MARKETING_VERSION = 1.0;
				PRODUCT_BUNDLE_IDENTIFIER = ru.yandex.practicum.ImageFeed;
				PRODUCT_NAME = "$(TARGET_NAME)";
				SUPPORTED_PLATFORMS = "iphoneos iphonesimulator";
				SUPPORTS_MACCATALYST = NO;
				SUPPORTS_MAC_DESIGNED_FOR_IPHONE_IPAD = NO;
				SUPPORTS_XR_DESIGNED_FOR_IPHONE_IPAD = NO;
				SWIFT_EMIT_LOC_STRINGS = YES;
				SWIFT_VERSION = 5.0;
				TARGETED_DEVICE_FAMILY = 1;
			};
			name = Release;
		};
		04B0C1302CC6D01E00AFD5AB /* Debug */ = {
			isa = XCBuildConfiguration;
			buildSettings = {
				CODE_SIGN_STYLE = Automatic;
				CURRENT_PROJECT_VERSION = 1;
				GENERATE_INFOPLIST_FILE = YES;
				IPHONEOS_DEPLOYMENT_TARGET = 18.0;
				MARKETING_VERSION = 1.0;
				PRODUCT_BUNDLE_IDENTIFIER = "ru.practicum.image-feed.ui-tests";
				PRODUCT_NAME = "$(TARGET_NAME)";
				SWIFT_EMIT_LOC_STRINGS = NO;
				SWIFT_VERSION = 5.0;
				TARGETED_DEVICE_FAMILY = "1,2";
				TEST_TARGET_NAME = ImageFeed;
			};
			name = Debug;
		};
		04B0C1312CC6D01E00AFD5AB /* Release */ = {
			isa = XCBuildConfiguration;
			buildSettings = {
				CODE_SIGN_STYLE = Automatic;
				CURRENT_PROJECT_VERSION = 1;
				GENERATE_INFOPLIST_FILE = YES;
				IPHONEOS_DEPLOYMENT_TARGET = 18.0;
				MARKETING_VERSION = 1.0;
				PRODUCT_BUNDLE_IDENTIFIER = "ru.practicum.image-feed.ui-tests";
				PRODUCT_NAME = "$(TARGET_NAME)";
				SWIFT_EMIT_LOC_STRINGS = NO;
				SWIFT_VERSION = 5.0;
				TARGETED_DEVICE_FAMILY = "1,2";
				TEST_TARGET_NAME = ImageFeed;
			};
			name = Release;
		};
		04B0C1412CC6D21E00AFD5AB /* Debug */ = {
			isa = XCBuildConfiguration;
			buildSettings = {
				CODE_SIGN_STYLE = Automatic;
				CURRENT_PROJECT_VERSION = 1;
				GENERATE_INFOPLIST_FILE = YES;
				IPHONEOS_DEPLOYMENT_TARGET = 18.0;
				MARKETING_VERSION = 1.0;
				PRODUCT_BUNDLE_IDENTIFIER = "ru.practicum.image-feed.Image-FeedUITests";
				PRODUCT_NAME = "$(TARGET_NAME)";
				SWIFT_EMIT_LOC_STRINGS = NO;
				SWIFT_VERSION = 5.0;
				TARGETED_DEVICE_FAMILY = "1,2";
				TEST_TARGET_NAME = ImageFeed;
			};
			name = Debug;
		};
		04B0C1422CC6D21E00AFD5AB /* Release */ = {
			isa = XCBuildConfiguration;
			buildSettings = {
				CODE_SIGN_STYLE = Automatic;
				CURRENT_PROJECT_VERSION = 1;
				GENERATE_INFOPLIST_FILE = YES;
				IPHONEOS_DEPLOYMENT_TARGET = 18.0;
				MARKETING_VERSION = 1.0;
				PRODUCT_BUNDLE_IDENTIFIER = "ru.practicum.image-feed.Image-FeedUITests";
				PRODUCT_NAME = "$(TARGET_NAME)";
				SWIFT_EMIT_LOC_STRINGS = NO;
				SWIFT_VERSION = 5.0;
				TARGETED_DEVICE_FAMILY = "1,2";
				TEST_TARGET_NAME = ImageFeed;
			};
			name = Release;
		};
		04D381402CC526D800714097 /* Debug */ = {
			isa = XCBuildConfiguration;
			buildSettings = {
				BUNDLE_LOADER = "$(TEST_HOST)";
				CODE_SIGN_STYLE = Automatic;
				CURRENT_PROJECT_VERSION = 1;
				GENERATE_INFOPLIST_FILE = YES;
				IPHONEOS_DEPLOYMENT_TARGET = 18.0;
				MARKETING_VERSION = 1.0;
				PRODUCT_BUNDLE_IDENTIFIER = "ru.practicum.image-feed.ImageFeedTests";
				PRODUCT_NAME = "$(TARGET_NAME)";
				SWIFT_EMIT_LOC_STRINGS = NO;
				SWIFT_VERSION = 5.0;
				TARGETED_DEVICE_FAMILY = "1,2";
				TEST_HOST = "$(BUILT_PRODUCTS_DIR)/ImageFeed.app/$(BUNDLE_EXECUTABLE_FOLDER_PATH)/ImageFeed";
			};
			name = Debug;
		};
		04D381412CC526D800714097 /* Release */ = {
			isa = XCBuildConfiguration;
			buildSettings = {
				BUNDLE_LOADER = "$(TEST_HOST)";
				CODE_SIGN_STYLE = Automatic;
				CURRENT_PROJECT_VERSION = 1;
				GENERATE_INFOPLIST_FILE = YES;
				IPHONEOS_DEPLOYMENT_TARGET = 18.0;
				MARKETING_VERSION = 1.0;
				PRODUCT_BUNDLE_IDENTIFIER = "ru.practicum.image-feed.ImageFeedTests";
				PRODUCT_NAME = "$(TARGET_NAME)";
				SWIFT_EMIT_LOC_STRINGS = NO;
				SWIFT_VERSION = 5.0;
				TARGETED_DEVICE_FAMILY = "1,2";
				TEST_HOST = "$(BUILT_PRODUCTS_DIR)/ImageFeed.app/$(BUNDLE_EXECUTABLE_FOLDER_PATH)/ImageFeed";
			};
			name = Release;
		};
/* End XCBuildConfiguration section */

/* Begin XCConfigurationList section */
		041D521A2BE36BF60061F141 /* Build configuration list for PBXProject "ImageFeed" */ = {
			isa = XCConfigurationList;
			buildConfigurations = (
				041D52312BE36BF90061F141 /* Debug */,
				041D52322BE36BF90061F141 /* Release */,
			);
			defaultConfigurationIsVisible = 0;
			defaultConfigurationName = Release;
		};
		041D52332BE36BF90061F141 /* Build configuration list for PBXNativeTarget "ImageFeed" */ = {
			isa = XCConfigurationList;
			buildConfigurations = (
				041D52342BE36BF90061F141 /* Debug */,
				041D52352BE36BF90061F141 /* Release */,
			);
			defaultConfigurationIsVisible = 0;
			defaultConfigurationName = Release;
		};
		04B0C12F2CC6D01E00AFD5AB /* Build configuration list for PBXNativeTarget "ui-tests" */ = {
			isa = XCConfigurationList;
			buildConfigurations = (
				04B0C1302CC6D01E00AFD5AB /* Debug */,
				04B0C1312CC6D01E00AFD5AB /* Release */,
			);
			defaultConfigurationIsVisible = 0;
			defaultConfigurationName = Release;
		};
		04B0C1402CC6D21E00AFD5AB /* Build configuration list for PBXNativeTarget "Image FeedUITests" */ = {
			isa = XCConfigurationList;
			buildConfigurations = (
				04B0C1412CC6D21E00AFD5AB /* Debug */,
				04B0C1422CC6D21E00AFD5AB /* Release */,
			);
			defaultConfigurationIsVisible = 0;
			defaultConfigurationName = Release;
		};
		04D3813F2CC526D800714097 /* Build configuration list for PBXNativeTarget "ImageFeedTests" */ = {
			isa = XCConfigurationList;
			buildConfigurations = (
				04D381402CC526D800714097 /* Debug */,
				04D381412CC526D800714097 /* Release */,
			);
			defaultConfigurationIsVisible = 0;
			defaultConfigurationName = Release;
		};
/* End XCConfigurationList section */

/* Begin XCRemoteSwiftPackageReference section */
		04FC0E882C24172800B3DF83 /* XCRemoteSwiftPackageReference "ProgressHUD" */ = {
			isa = XCRemoteSwiftPackageReference;
			repositoryURL = "https://github.com/relatedcode/ProgressHUD";
			requirement = {
				kind = upToNextMajorVersion;
				minimumVersion = 14.1.3;
			};
		};
		04FC0EB32C2AD9AB00B3DF83 /* XCRemoteSwiftPackageReference "Kingfisher" */ = {
			isa = XCRemoteSwiftPackageReference;
			repositoryURL = "https://github.com/onevcat/Kingfisher";
			requirement = {
				kind = upToNextMajorVersion;
				minimumVersion = 7.12.0;
			};
		};
		04FC0EB62C2AEC3F00B3DF83 /* XCRemoteSwiftPackageReference "SwiftKeychainWrapper" */ = {
			isa = XCRemoteSwiftPackageReference;
			repositoryURL = "https://github.com/jrendel/SwiftKeychainWrapper";
			requirement = {
				kind = upToNextMajorVersion;
				minimumVersion = 4.0.1;
			};
		};
/* End XCRemoteSwiftPackageReference section */

/* Begin XCSwiftPackageProductDependency section */
		04FC0E892C24172800B3DF83 /* ProgressHUD */ = {
			isa = XCSwiftPackageProductDependency;
			package = 04FC0E882C24172800B3DF83 /* XCRemoteSwiftPackageReference "ProgressHUD" */;
			productName = ProgressHUD;
		};
		04FC0EB42C2AD9AB00B3DF83 /* Kingfisher */ = {
			isa = XCSwiftPackageProductDependency;
			package = 04FC0EB32C2AD9AB00B3DF83 /* XCRemoteSwiftPackageReference "Kingfisher" */;
			productName = Kingfisher;
		};
		04FC0EB72C2AEC3F00B3DF83 /* SwiftKeychainWrapper */ = {
			isa = XCSwiftPackageProductDependency;
			package = 04FC0EB62C2AEC3F00B3DF83 /* XCRemoteSwiftPackageReference "SwiftKeychainWrapper" */;
			productName = SwiftKeychainWrapper;
		};
/* End XCSwiftPackageProductDependency section */
	};
	rootObject = 041D52172BE36BF60061F141 /* Project object */;
}
